
Microsoft Visual Studio Solution File, Format Version 12.00
# Visual Studio 14
VisualStudioVersion = 14.0.25420.1
MinimumVisualStudioVersion = 10.0.40219.1
Project("{FAE04EC0-301F-11D3-BF4B-00C04F79EFBC}") = "Language2Excel", "Language2Excel\Language2Excel.csproj", "{011CBD25-730C-4678-B268-0234E9F00EC0}"
EndProject
Project("{FAE04EC0-301F-11D3-BF4B-00C04F79EFBC}") = "Model", "Services\Model.csproj", "{AD42E1A9-0997-40CA-AB0B-4B62C516A0A0}"
EndProject
Project("{FAE04EC0-301F-11D3-BF4B-00C04F79EFBC}") = "Contracts", "Contracts\Contracts.csproj", "{75703EFB-CAA8-41DC-83ED-2EA711D22B8C}"
EndProject
Project("{FAE04EC0-301F-11D3-BF4B-00C04F79EFBC}") = "LanguageToExcel", "LanguageToExcel\LanguageToExcel.csproj", "{3275C557-F85C-48AC-AF85-AC5A40CB36CC}"
EndProject
Project("{2150E333-8FDC-42A3-9474-1A3956D46DE8}") = "Infrastructure", "Infrastructure", "{129F7BB0-2CED-49A4-B921-FACCB0577D2F}"
EndProject
Project("{2150E333-8FDC-42A3-9474-1A3956D46DE8}") = "Shell", "Shell", "{7415E291-EEC7-4BBC-A524-91E01AD6F7B5}"
EndProject
Project("{2150E333-8FDC-42A3-9474-1A3956D46DE8}") = "Modules", "Modules", "{1643BB70-C1FF-460B-BE7E-F19D83B15ACD}"
EndProject
Project("{2150E333-8FDC-42A3-9474-1A3956D46DE8}") = "ExcelExport", "ExcelExport", "{8210B523-B2BB-4EBE-8E63-F52DE2906707}"
EndProject
Project("{FAE04EC0-301F-11D3-BF4B-00C04F79EFBC}") = "Common.Wpf", "Common.Wpf\Common.Wpf.csproj", "{9A8DF0B6-3658-4F47-8941-36A4C37A1567}"
EndProject
Project("{FAE04EC0-301F-11D3-BF4B-00C04F79EFBC}") = "ExcelExport", "ExcelExport\ExcelExport.csproj", "{23663A86-79D8-4703-8771-BA7071437361}"
EndProject
Global
	GlobalSection(SolutionConfigurationPlatforms) = preSolution
		Debug|Any CPU = Debug|Any CPU
		Release|Any CPU = Release|Any CPU
	EndGlobalSection
	GlobalSection(ProjectConfigurationPlatforms) = postSolution
		{011CBD25-730C-4678-B268-0234E9F00EC0}.Debug|Any CPU.ActiveCfg = Debug|Any CPU
		{011CBD25-730C-4678-B268-0234E9F00EC0}.Debug|Any CPU.Build.0 = Debug|Any CPU
		{011CBD25-730C-4678-B268-0234E9F00EC0}.Release|Any CPU.ActiveCfg = Release|Any CPU
		{011CBD25-730C-4678-B268-0234E9F00EC0}.Release|Any CPU.Build.0 = Release|Any CPU
		{AD42E1A9-0997-40CA-AB0B-4B62C516A0A0}.Debug|Any CPU.ActiveCfg = Debug|Any CPU
		{AD42E1A9-0997-40CA-AB0B-4B62C516A0A0}.Debug|Any CPU.Build.0 = Debug|Any CPU
		{AD42E1A9-0997-40CA-AB0B-4B62C516A0A0}.Release|Any CPU.ActiveCfg = Release|Any CPU
		{AD42E1A9-0997-40CA-AB0B-4B62C516A0A0}.Release|Any CPU.Build.0 = Release|Any CPU
		{75703EFB-CAA8-41DC-83ED-2EA711D22B8C}.Debug|Any CPU.ActiveCfg = Debug|Any CPU
		{75703EFB-CAA8-41DC-83ED-2EA711D22B8C}.Debug|Any CPU.Build.0 = Debug|Any CPU
		{75703EFB-CAA8-41DC-83ED-2EA711D22B8C}.Release|Any CPU.ActiveCfg = Release|Any CPU
		{75703EFB-CAA8-41DC-83ED-2EA711D22B8C}.Release|Any CPU.Build.0 = Release|Any CPU
		{3275C557-F85C-48AC-AF85-AC5A40CB36CC}.Debug|Any CPU.ActiveCfg = Debug|Any CPU
		{3275C557-F85C-48AC-AF85-AC5A40CB36CC}.Debug|Any CPU.Build.0 = Debug|Any CPU
		{3275C557-F85C-48AC-AF85-AC5A40CB36CC}.Release|Any CPU.ActiveCfg = Release|Any CPU
		{3275C557-F85C-48AC-AF85-AC5A40CB36CC}.Release|Any CPU.Build.0 = Release|Any CPU
		{9A8DF0B6-3658-4F47-8941-36A4C37A1567}.Debug|Any CPU.ActiveCfg = Debug|Any CPU
		{9A8DF0B6-3658-4F47-8941-36A4C37A1567}.Debug|Any CPU.Build.0 = Debug|Any CPU
		{9A8DF0B6-3658-4F47-8941-36A4C37A1567}.Release|Any CPU.ActiveCfg = Release|Any CPU
		{9A8DF0B6-3658-4F47-8941-36A4C37A1567}.Release|Any CPU.Build.0 = Release|Any CPU
		{23663A86-79D8-4703-8771-BA7071437361}.Debug|Any CPU.ActiveCfg = Debug|Any CPU
		{23663A86-79D8-4703-8771-BA7071437361}.Debug|Any CPU.Build.0 = Debug|Any CPU
		{23663A86-79D8-4703-8771-BA7071437361}.Release|Any CPU.ActiveCfg = Release|Any CPU
		{23663A86-79D8-4703-8771-BA7071437361}.Release|Any CPU.Build.0 = Release|Any CPU
	EndGlobalSection
	GlobalSection(SolutionProperties) = preSolution
		HideSolutionNode = FALSE
	EndGlobalSection
	GlobalSection(NestedProjects) = preSolution
		{AD42E1A9-0997-40CA-AB0B-4B62C516A0A0} = {8210B523-B2BB-4EBE-8E63-F52DE2906707}
		{75703EFB-CAA8-41DC-83ED-2EA711D22B8C} = {129F7BB0-2CED-49A4-B921-FACCB0577D2F}
		{3275C557-F85C-48AC-AF85-AC5A40CB36CC} = {7415E291-EEC7-4BBC-A524-91E01AD6F7B5}
		{8210B523-B2BB-4EBE-8E63-F52DE2906707} = {1643BB70-C1FF-460B-BE7E-F19D83B15ACD}
		{9A8DF0B6-3658-4F47-8941-36A4C37A1567} = {129F7BB0-2CED-49A4-B921-FACCB0577D2F}
		{23663A86-79D8-4703-8771-BA7071437361} = {8210B523-B2BB-4EBE-8E63-F52DE2906707}
	EndGlobalSection
EndGlobal
