
Microsoft Visual Studio Solution File, Format Version 12.00
# Visual Studio 14
VisualStudioVersion = 14.0.25420.1
MinimumVisualStudioVersion = 10.0.40219.1
Project("{FAE04EC0-301F-11D3-BF4B-00C04F79EFBC}") = "Language2Excel", "Language2Excel\Language2Excel.csproj", "{011CBD25-730C-4678-B268-0234E9F00EC0}"
EndProject
Project("{FAE04EC0-301F-11D3-BF4B-00C04F79EFBC}") = "ViewModels", "ViewModels\ViewModels.csproj", "{7E68E461-BCE2-453B-ACD3-59C729638497}"
EndProject
Project("{FAE04EC0-301F-11D3-BF4B-00C04F79EFBC}") = "Model", "Services\Model.csproj", "{AD42E1A9-0997-40CA-AB0B-4B62C516A0A0}"
EndProject
Global
	GlobalSection(SolutionConfigurationPlatforms) = preSolution
		Debug|Any CPU = Debug|Any CPU
		Release|Any CPU = Release|Any CPU
	EndGlobalSection
	GlobalSection(ProjectConfigurationPlatforms) = postSolution
		{011CBD25-730C-4678-B268-0234E9F00EC0}.Debug|Any CPU.ActiveCfg = Debug|Any CPU
		{011CBD25-730C-4678-B268-0234E9F00EC0}.Debug|Any CPU.Build.0 = Debug|Any CPU
		{011CBD25-730C-4678-B268-0234E9F00EC0}.Release|Any CPU.ActiveCfg = Release|Any CPU
		{011CBD25-730C-4678-B268-0234E9F00EC0}.Release|Any CPU.Build.0 = Release|Any CPU
		{7E68E461-BCE2-453B-ACD3-59C729638497}.Debug|Any CPU.ActiveCfg = Debug|Any CPU
		{7E68E461-BCE2-453B-ACD3-59C729638497}.Debug|Any CPU.Build.0 = Debug|Any CPU
		{7E68E461-BCE2-453B-ACD3-59C729638497}.Release|Any CPU.ActiveCfg = Release|Any CPU
		{7E68E461-BCE2-453B-ACD3-59C729638497}.Release|Any CPU.Build.0 = Release|Any CPU
		{AD42E1A9-0997-40CA-AB0B-4B62C516A0A0}.Debug|Any CPU.ActiveCfg = Debug|Any CPU
		{AD42E1A9-0997-40CA-AB0B-4B62C516A0A0}.Debug|Any CPU.Build.0 = Debug|Any CPU
		{AD42E1A9-0997-40CA-AB0B-4B62C516A0A0}.Release|Any CPU.ActiveCfg = Release|Any CPU
		{AD42E1A9-0997-40CA-AB0B-4B62C516A0A0}.Release|Any CPU.Build.0 = Release|Any CPU
	EndGlobalSection
	GlobalSection(SolutionProperties) = preSolution
		HideSolutionNode = FALSE
	EndGlobalSection
EndGlobal
